
Microsoft Visual Studio Solution File, Format Version 12.00
# Visual Studio Version 17
VisualStudioVersion = 17.4.33213.308
MinimumVisualStudioVersion = 10.0.40219.1
Project("{FAE04EC0-301F-11D3-BF4B-00C04F79EFBC}") = "IMS", "IMS\IMS.csproj", "{026A8B9E-E091-4CF7-BE2D-56D0457B849E}"
EndProject
Global
	GlobalSection(SolutionConfigurationPlatforms) = preSolution
		Debug|Any CPU = Debug|Any CPU
		Release|Any CPU = Release|Any CPU
	EndGlobalSection
	GlobalSection(ProjectConfigurationPlatforms) = postSolution
		{026A8B9E-E091-4CF7-BE2D-56D0457B849E}.Debug|Any CPU.ActiveCfg = Debug|Any CPU
		{026A8B9E-E091-4CF7-BE2D-56D0457B849E}.Debug|Any CPU.Build.0 = Debug|Any CPU
		{026A8B9E-E091-4CF7-BE2D-56D0457B849E}.Release|Any CPU.ActiveCfg = Release|Any CPU
		{026A8B9E-E091-4CF7-BE2D-56D0457B849E}.Release|Any CPU.Build.0 = Release|Any CPU
	EndGlobalSection
	GlobalSection(SolutionProperties) = preSolution
		HideSolutionNode = FALSE
	EndGlobalSection
	GlobalSection(ExtensibilityGlobals) = postSolution
		SolutionGuid = {C0A3A63A-FC6C-46F3-8935-59D76B612EAD}
	EndGlobalSection
EndGlobal
